
Microsoft Visual Studio Solution File, Format Version 12.00
# Visual Studio Version 16
VisualStudioVersion = 16.0.30114.105
MinimumVisualStudioVersion = 10.0.40219.1
Project("{FAE04EC0-301F-11D3-BF4B-00C04F79EFBC}") = "API", "API\API.csproj", "{0DF03184-816F-47DF-AA1E-BA5B7B0D247B}"
EndProject
Project("{FAE04EC0-301F-11D3-BF4B-00C04F79EFBC}") = "API.Tests", "API.Tests\API.Tests.csproj", "{2811D600-C74D-449E-A225-D540CD2707EC}"
EndProject
Global
	GlobalSection(SolutionConfigurationPlatforms) = preSolution
		Debug|Any CPU = Debug|Any CPU
		Debug|x64 = Debug|x64
		Debug|x86 = Debug|x86
		Release|Any CPU = Release|Any CPU
		Release|x64 = Release|x64
		Release|x86 = Release|x86
	EndGlobalSection
	GlobalSection(SolutionProperties) = preSolution
		HideSolutionNode = FALSE
	EndGlobalSection
	GlobalSection(ProjectConfigurationPlatforms) = postSolution
		{0DF03184-816F-47DF-AA1E-BA5B7B0D247B}.Debug|Any CPU.ActiveCfg = Debug|Any CPU
		{0DF03184-816F-47DF-AA1E-BA5B7B0D247B}.Debug|Any CPU.Build.0 = Debug|Any CPU
		{0DF03184-816F-47DF-AA1E-BA5B7B0D247B}.Debug|x64.ActiveCfg = Debug|Any CPU
		{0DF03184-816F-47DF-AA1E-BA5B7B0D247B}.Debug|x64.Build.0 = Debug|Any CPU
		{0DF03184-816F-47DF-AA1E-BA5B7B0D247B}.Debug|x86.ActiveCfg = Debug|Any CPU
		{0DF03184-816F-47DF-AA1E-BA5B7B0D247B}.Debug|x86.Build.0 = Debug|Any CPU
		{0DF03184-816F-47DF-AA1E-BA5B7B0D247B}.Release|Any CPU.ActiveCfg = Release|Any CPU
		{0DF03184-816F-47DF-AA1E-BA5B7B0D247B}.Release|Any CPU.Build.0 = Release|Any CPU
		{0DF03184-816F-47DF-AA1E-BA5B7B0D247B}.Release|x64.ActiveCfg = Release|Any CPU
		{0DF03184-816F-47DF-AA1E-BA5B7B0D247B}.Release|x64.Build.0 = Release|Any CPU
		{0DF03184-816F-47DF-AA1E-BA5B7B0D247B}.Release|x86.ActiveCfg = Release|Any CPU
		{0DF03184-816F-47DF-AA1E-BA5B7B0D247B}.Release|x86.Build.0 = Release|Any CPU
		{2811D600-C74D-449E-A225-D540CD2707EC}.Debug|Any CPU.ActiveCfg = Debug|Any CPU
		{2811D600-C74D-449E-A225-D540CD2707EC}.Debug|Any CPU.Build.0 = Debug|Any CPU
		{2811D600-C74D-449E-A225-D540CD2707EC}.Debug|x64.ActiveCfg = Debug|Any CPU
		{2811D600-C74D-449E-A225-D540CD2707EC}.Debug|x64.Build.0 = Debug|Any CPU
		{2811D600-C74D-449E-A225-D540CD2707EC}.Debug|x86.ActiveCfg = Debug|Any CPU
		{2811D600-C74D-449E-A225-D540CD2707EC}.Debug|x86.Build.0 = Debug|Any CPU
		{2811D600-C74D-449E-A225-D540CD2707EC}.Release|Any CPU.ActiveCfg = Release|Any CPU
		{2811D600-C74D-449E-A225-D540CD2707EC}.Release|Any CPU.Build.0 = Release|Any CPU
		{2811D600-C74D-449E-A225-D540CD2707EC}.Release|x64.ActiveCfg = Release|Any CPU
		{2811D600-C74D-449E-A225-D540CD2707EC}.Release|x64.Build.0 = Release|Any CPU
		{2811D600-C74D-449E-A225-D540CD2707EC}.Release|x86.ActiveCfg = Release|Any CPU
		{2811D600-C74D-449E-A225-D540CD2707EC}.Release|x86.Build.0 = Release|Any CPU
	EndGlobalSection
EndGlobal
